// !$*UTF8*$!
{
	archiveVersion = 1;
	classes = {
	};
	objectVersion = 56;
	objects = {

/* Begin PBXBuildFile section */
		3F1EDBA52C8B3F7D00794677 /* TradingView in Frameworks */ = {isa = PBXBuildFile; productRef = 3F1EDBA42C8B3F7D00794677 /* TradingView */; };
		3F9CF79F2C8B633500C9ABA3 /* DemoApp.swift in Sources */ = {isa = PBXBuildFile; fileRef = 3FD7F12D2C8A35F30057062E /* DemoApp.swift */; };
		3F9CF7A02C8B633700C9ABA3 /* ContentView.swift in Sources */ = {isa = PBXBuildFile; fileRef = 3FD7F12F2C8A35F30057062E /* ContentView.swift */; };
		3F9CF7B32C8B646B00C9ABA3 /* DemoApp.swift in Sources */ = {isa = PBXBuildFile; fileRef = 3FD7F12D2C8A35F30057062E /* DemoApp.swift */; };
		3F9CF7B42C8B646D00C9ABA3 /* ContentView.swift in Sources */ = {isa = PBXBuildFile; fileRef = 3FD7F12F2C8A35F30057062E /* ContentView.swift */; };
		3F9CF7B62C8B648400C9ABA3 /* TradingView in Frameworks */ = {isa = PBXBuildFile; productRef = 3F9CF7B52C8B648400C9ABA3 /* TradingView */; };
		3F9CF7CF2C8B943D00C9ABA3 /* TradingView in Frameworks */ = {isa = PBXBuildFile; productRef = 3F9CF7CE2C8B943D00C9ABA3 /* TradingView */; };
		3F9CF7D02C8B963500C9ABA3 /* DemoApp.swift in Sources */ = {isa = PBXBuildFile; fileRef = 3FD7F12D2C8A35F30057062E /* DemoApp.swift */; };
		3F9CF7D12C8B963800C9ABA3 /* ContentView.swift in Sources */ = {isa = PBXBuildFile; fileRef = 3FD7F12F2C8A35F30057062E /* ContentView.swift */; };
		3FD7F12E2C8A35F30057062E /* DemoApp.swift in Sources */ = {isa = PBXBuildFile; fileRef = 3FD7F12D2C8A35F30057062E /* DemoApp.swift */; };
		3FD7F1302C8A35F30057062E /* ContentView.swift in Sources */ = {isa = PBXBuildFile; fileRef = 3FD7F12F2C8A35F30057062E /* ContentView.swift */; };
		3FD7F13D2C8A365E0057062E /* TradingView in Frameworks */ = {isa = PBXBuildFile; productRef = 3FD7F13C2C8A365E0057062E /* TradingView */; };
/* End PBXBuildFile section */

/* Begin PBXFileReference section */
		3F1EDB922C8B3F4F00794677 /* DemoWatchOS Watch App.app */ = {isa = PBXFileReference; explicitFileType = wrapper.application; includeInIndex = 0; path = "DemoWatchOS Watch App.app"; sourceTree = BUILT_PRODUCTS_DIR; };
		3F3328322C8F97D000F61023 /* Demo.entitlements */ = {isa = PBXFileReference; lastKnownFileType = text.plist.entitlements; path = Demo.entitlements; sourceTree = "<group>"; };
		3F9CF7A52C8B640800C9ABA3 /* DemoTVOS.app */ = {isa = PBXFileReference; explicitFileType = wrapper.application; includeInIndex = 0; path = DemoTVOS.app; sourceTree = BUILT_PRODUCTS_DIR; };
		3F9CF7BB2C8B7A3D00C9ABA3 /* DemoVisionOS.app */ = {isa = PBXFileReference; explicitFileType = wrapper.application; includeInIndex = 0; path = DemoVisionOS.app; sourceTree = BUILT_PRODUCTS_DIR; };
		3FD7F12A2C8A35F30057062E /* Demo.app */ = {isa = PBXFileReference; explicitFileType = wrapper.application; includeInIndex = 0; path = Demo.app; sourceTree = BUILT_PRODUCTS_DIR; };
		3FD7F12D2C8A35F30057062E /* DemoApp.swift */ = {isa = PBXFileReference; lastKnownFileType = sourcecode.swift; path = DemoApp.swift; sourceTree = "<group>"; };
		3FD7F12F2C8A35F30057062E /* ContentView.swift */ = {isa = PBXFileReference; lastKnownFileType = sourcecode.swift; path = ContentView.swift; sourceTree = "<group>"; };
/* End PBXFileReference section */

/* Begin PBXFrameworksBuildPhase section */
		3F1EDB8F2C8B3F4F00794677 /* Frameworks */ = {
			isa = PBXFrameworksBuildPhase;
			buildActionMask = 2147483647;
			files = (
				3F1EDBA52C8B3F7D00794677 /* TradingView in Frameworks */,
			);
			runOnlyForDeploymentPostprocessing = 0;
		};
		3F9CF7A22C8B640800C9ABA3 /* Frameworks */ = {
			isa = PBXFrameworksBuildPhase;
			buildActionMask = 2147483647;
			files = (
				3F9CF7B62C8B648400C9ABA3 /* TradingView in Frameworks */,
			);
			runOnlyForDeploymentPostprocessing = 0;
		};
		3F9CF7B82C8B7A3D00C9ABA3 /* Frameworks */ = {
			isa = PBXFrameworksBuildPhase;
			buildActionMask = 2147483647;
			files = (
				3F9CF7CF2C8B943D00C9ABA3 /* TradingView in Frameworks */,
			);
			runOnlyForDeploymentPostprocessing = 0;
		};
		3FD7F1272C8A35F30057062E /* Frameworks */ = {
			isa = PBXFrameworksBuildPhase;
			buildActionMask = 2147483647;
			files = (
				3FD7F13D2C8A365E0057062E /* TradingView in Frameworks */,
			);
			runOnlyForDeploymentPostprocessing = 0;
		};
/* End PBXFrameworksBuildPhase section */

/* Begin PBXGroup section */
		3F9CF7BD2C8B7A3D00C9ABA3 /* Packages */ = {
			isa = PBXGroup;
			children = (
			);
			path = Packages;
			sourceTree = "<group>";
		};
		3FD7F1212C8A35F30057062E = {
			isa = PBXGroup;
			children = (
				3FD7F12C2C8A35F30057062E /* Demo */,
				3F9CF7BD2C8B7A3D00C9ABA3 /* Packages */,
				3FD7F12B2C8A35F30057062E /* Products */,
				3FD7F13B2C8A365E0057062E /* Frameworks */,
			);
			sourceTree = "<group>";
		};
		3FD7F12B2C8A35F30057062E /* Products */ = {
			isa = PBXGroup;
			children = (
				3FD7F12A2C8A35F30057062E /* Demo.app */,
				3F1EDB922C8B3F4F00794677 /* DemoWatchOS Watch App.app */,
				3F9CF7A52C8B640800C9ABA3 /* DemoTVOS.app */,
				3F9CF7BB2C8B7A3D00C9ABA3 /* DemoVisionOS.app */,
			);
			name = Products;
			sourceTree = "<group>";
		};
		3FD7F12C2C8A35F30057062E /* Demo */ = {
			isa = PBXGroup;
			children = (
				3F3328322C8F97D000F61023 /* Demo.entitlements */,
				3FD7F12D2C8A35F30057062E /* DemoApp.swift */,
				3FD7F12F2C8A35F30057062E /* ContentView.swift */,
			);
			path = Demo;
			sourceTree = "<group>";
		};
		3FD7F13B2C8A365E0057062E /* Frameworks */ = {
			isa = PBXGroup;
			children = (
			);
			name = Frameworks;
			sourceTree = "<group>";
		};
/* End PBXGroup section */

/* Begin PBXNativeTarget section */
		3F1EDB912C8B3F4F00794677 /* DemoWatchOS Watch App */ = {
			isa = PBXNativeTarget;
			buildConfigurationList = 3F1EDBA32C8B3F5000794677 /* Build configuration list for PBXNativeTarget "DemoWatchOS Watch App" */;
			buildPhases = (
				3F1EDB8E2C8B3F4F00794677 /* Sources */,
				3F1EDB8F2C8B3F4F00794677 /* Frameworks */,
				3F1EDB902C8B3F4F00794677 /* Resources */,
			);
			buildRules = (
			);
			dependencies = (
			);
			name = "DemoWatchOS Watch App";
			packageProductDependencies = (
				3F1EDBA42C8B3F7D00794677 /* TradingView */,
			);
			productName = "DemoWatchOS Watch App";
			productReference = 3F1EDB922C8B3F4F00794677 /* DemoWatchOS Watch App.app */;
			productType = "com.apple.product-type.application";
		};
		3F9CF7A42C8B640800C9ABA3 /* DemoTVOS */ = {
			isa = PBXNativeTarget;
			buildConfigurationList = 3F9CF7B02C8B640A00C9ABA3 /* Build configuration list for PBXNativeTarget "DemoTVOS" */;
			buildPhases = (
				3F9CF7A12C8B640800C9ABA3 /* Sources */,
				3F9CF7A22C8B640800C9ABA3 /* Frameworks */,
				3F9CF7A32C8B640800C9ABA3 /* Resources */,
			);
			buildRules = (
			);
			dependencies = (
			);
			name = DemoTVOS;
			packageProductDependencies = (
				3F9CF7B52C8B648400C9ABA3 /* TradingView */,
			);
			productName = DemoTVOS;
			productReference = 3F9CF7A52C8B640800C9ABA3 /* DemoTVOS.app */;
			productType = "com.apple.product-type.application";
		};
		3F9CF7BA2C8B7A3D00C9ABA3 /* DemoVisionOS */ = {
			isa = PBXNativeTarget;
			buildConfigurationList = 3F9CF7CD2C8B7A3E00C9ABA3 /* Build configuration list for PBXNativeTarget "DemoVisionOS" */;
			buildPhases = (
				3F9CF7B72C8B7A3D00C9ABA3 /* Sources */,
				3F9CF7B82C8B7A3D00C9ABA3 /* Frameworks */,
				3F9CF7B92C8B7A3D00C9ABA3 /* Resources */,
			);
			buildRules = (
			);
			dependencies = (
			);
			name = DemoVisionOS;
			packageProductDependencies = (
				3F9CF7CE2C8B943D00C9ABA3 /* TradingView */,
			);
			productName = DemoVisionOS;
			productReference = 3F9CF7BB2C8B7A3D00C9ABA3 /* DemoVisionOS.app */;
			productType = "com.apple.product-type.application";
		};
		3FD7F1292C8A35F30057062E /* Demo */ = {
			isa = PBXNativeTarget;
			buildConfigurationList = 3FD7F1382C8A35F40057062E /* Build configuration list for PBXNativeTarget "Demo" */;
			buildPhases = (
				3FD7F1262C8A35F30057062E /* Sources */,
				3FD7F1272C8A35F30057062E /* Frameworks */,
				3FD7F1282C8A35F30057062E /* Resources */,
			);
			buildRules = (
			);
			dependencies = (
			);
			name = Demo;
			packageProductDependencies = (
				3FD7F13C2C8A365E0057062E /* TradingView */,
			);
			productName = Demo;
			productReference = 3FD7F12A2C8A35F30057062E /* Demo.app */;
			productType = "com.apple.product-type.application";
		};
/* End PBXNativeTarget section */

/* Begin PBXProject section */
		3FD7F1222C8A35F30057062E /* Project object */ = {
			isa = PBXProject;
			attributes = {
				BuildIndependentTargetsInParallel = 1;
				LastSwiftUpdateCheck = 1540;
				LastUpgradeCheck = 1540;
				TargetAttributes = {
					3F1EDB912C8B3F4F00794677 = {
						CreatedOnToolsVersion = 15.4;
					};
					3F9CF7A42C8B640800C9ABA3 = {
						CreatedOnToolsVersion = 15.4;
					};
					3F9CF7BA2C8B7A3D00C9ABA3 = {
						CreatedOnToolsVersion = 15.4;
					};
					3FD7F1292C8A35F30057062E = {
						CreatedOnToolsVersion = 15.4;
					};
				};
			};
			buildConfigurationList = 3FD7F1252C8A35F30057062E /* Build configuration list for PBXProject "Demo" */;
			compatibilityVersion = "Xcode 14.0";
			developmentRegion = en;
			hasScannedForEncodings = 0;
			knownRegions = (
				en,
				Base,
			);
			mainGroup = 3FD7F1212C8A35F30057062E;
			productRefGroup = 3FD7F12B2C8A35F30057062E /* Products */;
			projectDirPath = "";
			projectRoot = "";
			targets = (
				3FD7F1292C8A35F30057062E /* Demo */,
				3F1EDB912C8B3F4F00794677 /* DemoWatchOS Watch App */,
				3F9CF7A42C8B640800C9ABA3 /* DemoTVOS */,
				3F9CF7BA2C8B7A3D00C9ABA3 /* DemoVisionOS */,
			);
		};
/* End PBXProject section */

/* Begin PBXResourcesBuildPhase section */
		3F1EDB902C8B3F4F00794677 /* Resources */ = {
			isa = PBXResourcesBuildPhase;
			buildActionMask = 2147483647;
			files = (
			);
			runOnlyForDeploymentPostprocessing = 0;
		};
		3F9CF7A32C8B640800C9ABA3 /* Resources */ = {
			isa = PBXResourcesBuildPhase;
			buildActionMask = 2147483647;
			files = (
			);
			runOnlyForDeploymentPostprocessing = 0;
		};
		3F9CF7B92C8B7A3D00C9ABA3 /* Resources */ = {
			isa = PBXResourcesBuildPhase;
			buildActionMask = 2147483647;
			files = (
			);
			runOnlyForDeploymentPostprocessing = 0;
		};
		3FD7F1282C8A35F30057062E /* Resources */ = {
			isa = PBXResourcesBuildPhase;
			buildActionMask = 2147483647;
			files = (
			);
			runOnlyForDeploymentPostprocessing = 0;
		};
/* End PBXResourcesBuildPhase section */

/* Begin PBXSourcesBuildPhase section */
		3F1EDB8E2C8B3F4F00794677 /* Sources */ = {
			isa = PBXSourcesBuildPhase;
			buildActionMask = 2147483647;
			files = (
				3F9CF7A02C8B633700C9ABA3 /* ContentView.swift in Sources */,
				3F9CF79F2C8B633500C9ABA3 /* DemoApp.swift in Sources */,
			);
			runOnlyForDeploymentPostprocessing = 0;
		};
		3F9CF7A12C8B640800C9ABA3 /* Sources */ = {
			isa = PBXSourcesBuildPhase;
			buildActionMask = 2147483647;
			files = (
				3F9CF7B42C8B646D00C9ABA3 /* ContentView.swift in Sources */,
				3F9CF7B32C8B646B00C9ABA3 /* DemoApp.swift in Sources */,
			);
			runOnlyForDeploymentPostprocessing = 0;
		};
		3F9CF7B72C8B7A3D00C9ABA3 /* Sources */ = {
			isa = PBXSourcesBuildPhase;
			buildActionMask = 2147483647;
			files = (
				3F9CF7D12C8B963800C9ABA3 /* ContentView.swift in Sources */,
				3F9CF7D02C8B963500C9ABA3 /* DemoApp.swift in Sources */,
			);
			runOnlyForDeploymentPostprocessing = 0;
		};
		3FD7F1262C8A35F30057062E /* Sources */ = {
			isa = PBXSourcesBuildPhase;
			buildActionMask = 2147483647;
			files = (
				3FD7F1302C8A35F30057062E /* ContentView.swift in Sources */,
				3FD7F12E2C8A35F30057062E /* DemoApp.swift in Sources */,
			);
			runOnlyForDeploymentPostprocessing = 0;
		};
/* End PBXSourcesBuildPhase section */

/* Begin XCBuildConfiguration section */
		3F1EDBA12C8B3F5000794677 /* Debug */ = {
			isa = XCBuildConfiguration;
			buildSettings = {
				ASSETCATALOG_COMPILER_APPICON_NAME = AppIcon;
				ASSETCATALOG_COMPILER_GLOBAL_ACCENT_COLOR_NAME = AccentColor;
				CODE_SIGN_STYLE = Automatic;
				CURRENT_PROJECT_VERSION = 1;
				DEVELOPMENT_TEAM = "";
				ENABLE_PREVIEWS = YES;
				GENERATE_INFOPLIST_FILE = YES;
				INFOPLIST_KEY_CFBundleDisplayName = DemoWatchOS;
				INFOPLIST_KEY_UISupportedInterfaceOrientations = "UIInterfaceOrientationPortrait UIInterfaceOrientationPortraitUpsideDown";
				INFOPLIST_KEY_WKCompanionAppBundleIdentifier = home.incognito.Demo;
				INFOPLIST_KEY_WKRunsIndependentlyOfCompanionApp = YES;
				LD_RUNPATH_SEARCH_PATHS = (
					"$(inherited)",
					"@executable_path/Frameworks",
				);
				MARKETING_VERSION = 1.0;
				PRODUCT_BUNDLE_IDENTIFIER = home.incognito.Demo.watchkitapp;
				PRODUCT_NAME = "$(TARGET_NAME)";
				SDKROOT = watchos;
				SKIP_INSTALL = YES;
				SWIFT_EMIT_LOC_STRINGS = YES;
				SWIFT_VERSION = 5.0;
				TARGETED_DEVICE_FAMILY = 4;
				WATCHOS_DEPLOYMENT_TARGET = 10.5;
			};
			name = Debug;
		};
		3F1EDBA22C8B3F5000794677 /* Release */ = {
			isa = XCBuildConfiguration;
			buildSettings = {
				ASSETCATALOG_COMPILER_APPICON_NAME = AppIcon;
				ASSETCATALOG_COMPILER_GLOBAL_ACCENT_COLOR_NAME = AccentColor;
				CODE_SIGN_STYLE = Automatic;
				CURRENT_PROJECT_VERSION = 1;
				DEVELOPMENT_TEAM = "";
				ENABLE_PREVIEWS = YES;
				GENERATE_INFOPLIST_FILE = YES;
				INFOPLIST_KEY_CFBundleDisplayName = DemoWatchOS;
				INFOPLIST_KEY_UISupportedInterfaceOrientations = "UIInterfaceOrientationPortrait UIInterfaceOrientationPortraitUpsideDown";
				INFOPLIST_KEY_WKCompanionAppBundleIdentifier = home.incognito.Demo;
				INFOPLIST_KEY_WKRunsIndependentlyOfCompanionApp = YES;
				LD_RUNPATH_SEARCH_PATHS = (
					"$(inherited)",
					"@executable_path/Frameworks",
				);
				MARKETING_VERSION = 1.0;
				PRODUCT_BUNDLE_IDENTIFIER = home.incognito.Demo.watchkitapp;
				PRODUCT_NAME = "$(TARGET_NAME)";
				SDKROOT = watchos;
				SKIP_INSTALL = YES;
				SWIFT_EMIT_LOC_STRINGS = YES;
				SWIFT_VERSION = 5.0;
				TARGETED_DEVICE_FAMILY = 4;
				WATCHOS_DEPLOYMENT_TARGET = 10.5;
			};
			name = Release;
		};
		3F9CF7B12C8B640A00C9ABA3 /* Debug */ = {
			isa = XCBuildConfiguration;
			buildSettings = {
				ASSETCATALOG_COMPILER_APPICON_NAME = "App Icon & Top Shelf Image";
				ASSETCATALOG_COMPILER_GLOBAL_ACCENT_COLOR_NAME = AccentColor;
				CODE_SIGN_STYLE = Automatic;
				CURRENT_PROJECT_VERSION = 1;
				ENABLE_PREVIEWS = YES;
				GENERATE_INFOPLIST_FILE = YES;
				INFOPLIST_KEY_UILaunchScreen_Generation = YES;
				INFOPLIST_KEY_UIUserInterfaceStyle = Automatic;
				LD_RUNPATH_SEARCH_PATHS = (
					"$(inherited)",
					"@executable_path/Frameworks",
				);
				MARKETING_VERSION = 1.0;
				PRODUCT_BUNDLE_IDENTIFIER = home.incognito.DemoTVOS;
				PRODUCT_NAME = "$(TARGET_NAME)";
				SDKROOT = appletvos;
				SWIFT_EMIT_LOC_STRINGS = YES;
				SWIFT_VERSION = 5.0;
				TARGETED_DEVICE_FAMILY = 3;
				TVOS_DEPLOYMENT_TARGET = 17.5;
			};
			name = Debug;
		};
		3F9CF7B22C8B640A00C9ABA3 /* Release */ = {
			isa = XCBuildConfiguration;
			buildSettings = {
				ASSETCATALOG_COMPILER_APPICON_NAME = "App Icon & Top Shelf Image";
				ASSETCATALOG_COMPILER_GLOBAL_ACCENT_COLOR_NAME = AccentColor;
				CODE_SIGN_STYLE = Automatic;
				CURRENT_PROJECT_VERSION = 1;
				ENABLE_PREVIEWS = YES;
				GENERATE_INFOPLIST_FILE = YES;
				INFOPLIST_KEY_UILaunchScreen_Generation = YES;
				INFOPLIST_KEY_UIUserInterfaceStyle = Automatic;
				LD_RUNPATH_SEARCH_PATHS = (
					"$(inherited)",
					"@executable_path/Frameworks",
				);
				MARKETING_VERSION = 1.0;
				PRODUCT_BUNDLE_IDENTIFIER = home.incognito.DemoTVOS;
				PRODUCT_NAME = "$(TARGET_NAME)";
				SDKROOT = appletvos;
				SWIFT_EMIT_LOC_STRINGS = YES;
				SWIFT_VERSION = 5.0;
				TARGETED_DEVICE_FAMILY = 3;
				TVOS_DEPLOYMENT_TARGET = 17.5;
			};
			name = Release;
		};
		3F9CF7CB2C8B7A3E00C9ABA3 /* Debug */ = {
			isa = XCBuildConfiguration;
			buildSettings = {
				ASSETCATALOG_COMPILER_APPICON_NAME = AppIcon;
				ASSETCATALOG_COMPILER_GLOBAL_ACCENT_COLOR_NAME = AccentColor;
				CODE_SIGN_STYLE = Automatic;
				CURRENT_PROJECT_VERSION = 1;
				ENABLE_PREVIEWS = YES;
				EXCLUDED_ARCHS = "";
				GENERATE_INFOPLIST_FILE = YES;
				LD_RUNPATH_SEARCH_PATHS = (
					"$(inherited)",
					"@executable_path/Frameworks",
				);
				MARKETING_VERSION = 1.0;
				PRODUCT_BUNDLE_IDENTIFIER = home.incognito.DemoVisionOS;
				PRODUCT_NAME = "$(TARGET_NAME)";
				SDKROOT = xros;
				SUPPORTED_PLATFORMS = "xros xrsimulator";
				SWIFT_EMIT_LOC_STRINGS = YES;
				SWIFT_VERSION = 5.0;
				TARGETED_DEVICE_FAMILY = "1,2,7";
				XROS_DEPLOYMENT_TARGET = 1.2;
			};
			name = Debug;
		};
		3F9CF7CC2C8B7A3E00C9ABA3 /* Release */ = {
			isa = XCBuildConfiguration;
			buildSettings = {
				ASSETCATALOG_COMPILER_APPICON_NAME = AppIcon;
				ASSETCATALOG_COMPILER_GLOBAL_ACCENT_COLOR_NAME = AccentColor;
				CODE_SIGN_STYLE = Automatic;
				CURRENT_PROJECT_VERSION = 1;
				ENABLE_PREVIEWS = YES;
				EXCLUDED_ARCHS = "";
				GENERATE_INFOPLIST_FILE = YES;
				LD_RUNPATH_SEARCH_PATHS = (
					"$(inherited)",
					"@executable_path/Frameworks",
				);
				MARKETING_VERSION = 1.0;
				PRODUCT_BUNDLE_IDENTIFIER = home.incognito.DemoVisionOS;
				PRODUCT_NAME = "$(TARGET_NAME)";
				SDKROOT = xros;
				SUPPORTED_PLATFORMS = "xros xrsimulator";
				SWIFT_EMIT_LOC_STRINGS = YES;
				SWIFT_VERSION = 5.0;
				TARGETED_DEVICE_FAMILY = "1,2,7";
				XROS_DEPLOYMENT_TARGET = 1.2;
			};
			name = Release;
		};
		3FD7F1362C8A35F40057062E /* Debug */ = {
			isa = XCBuildConfiguration;
			buildSettings = {
				ALWAYS_SEARCH_USER_PATHS = NO;
				ASSETCATALOG_COMPILER_GENERATE_SWIFT_ASSET_SYMBOL_EXTENSIONS = YES;
				CLANG_ANALYZER_NONNULL = YES;
				CLANG_ANALYZER_NUMBER_OBJECT_CONVERSION = YES_AGGRESSIVE;
				CLANG_CXX_LANGUAGE_STANDARD = "gnu++20";
				CLANG_ENABLE_MODULES = YES;
				CLANG_ENABLE_OBJC_ARC = YES;
				CLANG_ENABLE_OBJC_WEAK = YES;
				CLANG_WARN_BLOCK_CAPTURE_AUTORELEASING = YES;
				CLANG_WARN_BOOL_CONVERSION = YES;
				CLANG_WARN_COMMA = YES;
				CLANG_WARN_CONSTANT_CONVERSION = YES;
				CLANG_WARN_DEPRECATED_OBJC_IMPLEMENTATIONS = YES;
				CLANG_WARN_DIRECT_OBJC_ISA_USAGE = YES_ERROR;
				CLANG_WARN_DOCUMENTATION_COMMENTS = YES;
				CLANG_WARN_EMPTY_BODY = YES;
				CLANG_WARN_ENUM_CONVERSION = YES;
				CLANG_WARN_INFINITE_RECURSION = YES;
				CLANG_WARN_INT_CONVERSION = YES;
				CLANG_WARN_NON_LITERAL_NULL_CONVERSION = YES;
				CLANG_WARN_OBJC_IMPLICIT_RETAIN_SELF = YES;
				CLANG_WARN_OBJC_LITERAL_CONVERSION = YES;
				CLANG_WARN_OBJC_ROOT_CLASS = YES_ERROR;
				CLANG_WARN_QUOTED_INCLUDE_IN_FRAMEWORK_HEADER = YES;
				CLANG_WARN_RANGE_LOOP_ANALYSIS = YES;
				CLANG_WARN_STRICT_PROTOTYPES = YES;
				CLANG_WARN_SUSPICIOUS_MOVE = YES;
				CLANG_WARN_UNGUARDED_AVAILABILITY = YES_AGGRESSIVE;
				CLANG_WARN_UNREACHABLE_CODE = YES;
				CLANG_WARN__DUPLICATE_METHOD_MATCH = YES;
				COPY_PHASE_STRIP = NO;
				DEBUG_INFORMATION_FORMAT = dwarf;
				ENABLE_STRICT_OBJC_MSGSEND = YES;
				ENABLE_TESTABILITY = YES;
				ENABLE_USER_SCRIPT_SANDBOXING = YES;
				GCC_C_LANGUAGE_STANDARD = gnu17;
				GCC_DYNAMIC_NO_PIC = NO;
				GCC_NO_COMMON_BLOCKS = YES;
				GCC_OPTIMIZATION_LEVEL = 0;
				GCC_PREPROCESSOR_DEFINITIONS = (
					"DEBUG=1",
					"$(inherited)",
				);
				GCC_WARN_64_TO_32_BIT_CONVERSION = YES;
				GCC_WARN_ABOUT_RETURN_TYPE = YES_ERROR;
				GCC_WARN_UNDECLARED_SELECTOR = YES;
				GCC_WARN_UNINITIALIZED_AUTOS = YES_AGGRESSIVE;
				GCC_WARN_UNUSED_FUNCTION = YES;
				GCC_WARN_UNUSED_VARIABLE = YES;
				IPHONEOS_DEPLOYMENT_TARGET = 15.0;
				LOCALIZATION_PREFERS_STRING_CATALOGS = YES;
				MACOSX_DEPLOYMENT_TARGET = 12.0;
				MTL_ENABLE_DEBUG_INFO = INCLUDE_SOURCE;
				MTL_FAST_MATH = YES;
				ONLY_ACTIVE_ARCH = YES;
				SDKROOT = iphoneos;
				SWIFT_ACTIVE_COMPILATION_CONDITIONS = "DEBUG $(inherited)";
				SWIFT_OPTIMIZATION_LEVEL = "-Onone";
			};
			name = Debug;
		};
		3FD7F1372C8A35F40057062E /* Release */ = {
			isa = XCBuildConfiguration;
			buildSettings = {
				ALWAYS_SEARCH_USER_PATHS = NO;
				ASSETCATALOG_COMPILER_GENERATE_SWIFT_ASSET_SYMBOL_EXTENSIONS = YES;
				CLANG_ANALYZER_NONNULL = YES;
				CLANG_ANALYZER_NUMBER_OBJECT_CONVERSION = YES_AGGRESSIVE;
				CLANG_CXX_LANGUAGE_STANDARD = "gnu++20";
				CLANG_ENABLE_MODULES = YES;
				CLANG_ENABLE_OBJC_ARC = YES;
				CLANG_ENABLE_OBJC_WEAK = YES;
				CLANG_WARN_BLOCK_CAPTURE_AUTORELEASING = YES;
				CLANG_WARN_BOOL_CONVERSION = YES;
				CLANG_WARN_COMMA = YES;
				CLANG_WARN_CONSTANT_CONVERSION = YES;
				CLANG_WARN_DEPRECATED_OBJC_IMPLEMENTATIONS = YES;
				CLANG_WARN_DIRECT_OBJC_ISA_USAGE = YES_ERROR;
				CLANG_WARN_DOCUMENTATION_COMMENTS = YES;
				CLANG_WARN_EMPTY_BODY = YES;
				CLANG_WARN_ENUM_CONVERSION = YES;
				CLANG_WARN_INFINITE_RECURSION = YES;
				CLANG_WARN_INT_CONVERSION = YES;
				CLANG_WARN_NON_LITERAL_NULL_CONVERSION = YES;
				CLANG_WARN_OBJC_IMPLICIT_RETAIN_SELF = YES;
				CLANG_WARN_OBJC_LITERAL_CONVERSION = YES;
				CLANG_WARN_OBJC_ROOT_CLASS = YES_ERROR;
				CLANG_WARN_QUOTED_INCLUDE_IN_FRAMEWORK_HEADER = YES;
				CLANG_WARN_RANGE_LOOP_ANALYSIS = YES;
				CLANG_WARN_STRICT_PROTOTYPES = YES;
				CLANG_WARN_SUSPICIOUS_MOVE = YES;
				CLANG_WARN_UNGUARDED_AVAILABILITY = YES_AGGRESSIVE;
				CLANG_WARN_UNREACHABLE_CODE = YES;
				CLANG_WARN__DUPLICATE_METHOD_MATCH = YES;
				COPY_PHASE_STRIP = NO;
				DEBUG_INFORMATION_FORMAT = "dwarf-with-dsym";
				ENABLE_NS_ASSERTIONS = NO;
				ENABLE_STRICT_OBJC_MSGSEND = YES;
				ENABLE_USER_SCRIPT_SANDBOXING = YES;
				GCC_C_LANGUAGE_STANDARD = gnu17;
				GCC_NO_COMMON_BLOCKS = YES;
				GCC_WARN_64_TO_32_BIT_CONVERSION = YES;
				GCC_WARN_ABOUT_RETURN_TYPE = YES_ERROR;
				GCC_WARN_UNDECLARED_SELECTOR = YES;
				GCC_WARN_UNINITIALIZED_AUTOS = YES_AGGRESSIVE;
				GCC_WARN_UNUSED_FUNCTION = YES;
				GCC_WARN_UNUSED_VARIABLE = YES;
				IPHONEOS_DEPLOYMENT_TARGET = 15.0;
				LOCALIZATION_PREFERS_STRING_CATALOGS = YES;
				MACOSX_DEPLOYMENT_TARGET = 12.0;
				MTL_ENABLE_DEBUG_INFO = NO;
				MTL_FAST_MATH = YES;
				SDKROOT = iphoneos;
				SWIFT_COMPILATION_MODE = wholemodule;
				VALIDATE_PRODUCT = YES;
			};
			name = Release;
		};
		3FD7F1392C8A35F40057062E /* Debug */ = {
			isa = XCBuildConfiguration;
			buildSettings = {
				ALWAYS_EMBED_SWIFT_STANDARD_LIBRARIES = YES;
				ASSETCATALOG_COMPILER_APPICON_NAME = AppIcon;
				ASSETCATALOG_COMPILER_GLOBAL_ACCENT_COLOR_NAME = AccentColor;
				CODE_SIGN_ENTITLEMENTS = Demo/Demo.entitlements;
				CODE_SIGN_STYLE = Automatic;
				CURRENT_PROJECT_VERSION = 1;
				ENABLE_PREVIEWS = YES;
				GENERATE_INFOPLIST_FILE = YES;
				INFOPLIST_KEY_UIApplicationSceneManifest_Generation = YES;
				INFOPLIST_KEY_UIApplicationSupportsIndirectInputEvents = YES;
				INFOPLIST_KEY_UILaunchScreen_Generation = YES;
				INFOPLIST_KEY_UISupportedInterfaceOrientations_iPad = "UIInterfaceOrientationPortrait UIInterfaceOrientationPortraitUpsideDown UIInterfaceOrientationLandscapeLeft UIInterfaceOrientationLandscapeRight";
				INFOPLIST_KEY_UISupportedInterfaceOrientations_iPhone = "UIInterfaceOrientationPortrait UIInterfaceOrientationLandscapeLeft UIInterfaceOrientationLandscapeRight";
				LD_RUNPATH_SEARCH_PATHS = (
					"$(inherited)",
					"@executable_path/Frameworks",
				);
				MARKETING_VERSION = 1.0;
				PRODUCT_BUNDLE_IDENTIFIER = home.incognito.Demo;
				PRODUCT_NAME = "$(TARGET_NAME)";
				SUPPORTED_PLATFORMS = "iphoneos iphonesimulator macosx";
				SUPPORTS_MACCATALYST = NO;
				SUPPORTS_MAC_DESIGNED_FOR_IPHONE_IPAD = NO;
				SWIFT_EMIT_LOC_STRINGS = YES;
				SWIFT_VERSION = 5.0;
				TARGETED_DEVICE_FAMILY = "1,2";
			};
			name = Debug;
		};
		3FD7F13A2C8A35F40057062E /* Release */ = {
			isa = XCBuildConfiguration;
			buildSettings = {
				ALWAYS_EMBED_SWIFT_STANDARD_LIBRARIES = YES;
				ASSETCATALOG_COMPILER_APPICON_NAME = AppIcon;
				ASSETCATALOG_COMPILER_GLOBAL_ACCENT_COLOR_NAME = AccentColor;
				CODE_SIGN_ENTITLEMENTS = Demo/Demo.entitlements;
				CODE_SIGN_STYLE = Automatic;
				CURRENT_PROJECT_VERSION = 1;
				ENABLE_PREVIEWS = YES;
				GENERATE_INFOPLIST_FILE = YES;
				INFOPLIST_KEY_UIApplicationSceneManifest_Generation = YES;
				INFOPLIST_KEY_UIApplicationSupportsIndirectInputEvents = YES;
				INFOPLIST_KEY_UILaunchScreen_Generation = YES;
				INFOPLIST_KEY_UISupportedInterfaceOrientations_iPad = "UIInterfaceOrientationPortrait UIInterfaceOrientationPortraitUpsideDown UIInterfaceOrientationLandscapeLeft UIInterfaceOrientationLandscapeRight";
				INFOPLIST_KEY_UISupportedInterfaceOrientations_iPhone = "UIInterfaceOrientationPortrait UIInterfaceOrientationLandscapeLeft UIInterfaceOrientationLandscapeRight";
				LD_RUNPATH_SEARCH_PATHS = (
					"$(inherited)",
					"@executable_path/Frameworks",
				);
				MARKETING_VERSION = 1.0;
				PRODUCT_BUNDLE_IDENTIFIER = home.incognito.Demo;
				PRODUCT_NAME = "$(TARGET_NAME)";
				SUPPORTED_PLATFORMS = "iphoneos iphonesimulator macosx";
				SUPPORTS_MACCATALYST = NO;
				SUPPORTS_MAC_DESIGNED_FOR_IPHONE_IPAD = NO;
				SWIFT_EMIT_LOC_STRINGS = YES;
				SWIFT_VERSION = 5.0;
				TARGETED_DEVICE_FAMILY = "1,2";
			};
			name = Release;
		};
/* End XCBuildConfiguration section */

/* Begin XCConfigurationList section */
		3F1EDBA32C8B3F5000794677 /* Build configuration list for PBXNativeTarget "DemoWatchOS Watch App" */ = {
			isa = XCConfigurationList;
			buildConfigurations = (
				3F1EDBA12C8B3F5000794677 /* Debug */,
				3F1EDBA22C8B3F5000794677 /* Release */,
			);
			defaultConfigurationIsVisible = 0;
			defaultConfigurationName = Release;
		};
		3F9CF7B02C8B640A00C9ABA3 /* Build configuration list for PBXNativeTarget "DemoTVOS" */ = {
			isa = XCConfigurationList;
			buildConfigurations = (
				3F9CF7B12C8B640A00C9ABA3 /* Debug */,
				3F9CF7B22C8B640A00C9ABA3 /* Release */,
			);
			defaultConfigurationIsVisible = 0;
			defaultConfigurationName = Release;
		};
		3F9CF7CD2C8B7A3E00C9ABA3 /* Build configuration list for PBXNativeTarget "DemoVisionOS" */ = {
			isa = XCConfigurationList;
			buildConfigurations = (
				3F9CF7CB2C8B7A3E00C9ABA3 /* Debug */,
				3F9CF7CC2C8B7A3E00C9ABA3 /* Release */,
			);
			defaultConfigurationIsVisible = 0;
			defaultConfigurationName = Release;
		};
		3FD7F1252C8A35F30057062E /* Build configuration list for PBXProject "Demo" */ = {
			isa = XCConfigurationList;
			buildConfigurations = (
				3FD7F1362C8A35F40057062E /* Debug */,
				3FD7F1372C8A35F40057062E /* Release */,
			);
			defaultConfigurationIsVisible = 0;
			defaultConfigurationName = Release;
		};
		3FD7F1382C8A35F40057062E /* Build configuration list for PBXNativeTarget "Demo" */ = {
			isa = XCConfigurationList;
			buildConfigurations = (
				3FD7F1392C8A35F40057062E /* Debug */,
				3FD7F13A2C8A35F40057062E /* Release */,
			);
			defaultConfigurationIsVisible = 0;
			defaultConfigurationName = Release;
		};
/* End XCConfigurationList section */

/* Begin XCSwiftPackageProductDependency section */
		3F1EDBA42C8B3F7D00794677 /* TradingView */ = {
			isa = XCSwiftPackageProductDependency;
			productName = TradingView;
		};
		3F9CF7B52C8B648400C9ABA3 /* TradingView */ = {
			isa = XCSwiftPackageProductDependency;
			productName = TradingView;
		};
		3F9CF7CE2C8B943D00C9ABA3 /* TradingView */ = {
			isa = XCSwiftPackageProductDependency;
			productName = TradingView;
		};
		3FD7F13C2C8A365E0057062E /* TradingView */ = {
			isa = XCSwiftPackageProductDependency;
			productName = TradingView;
		};
/* End XCSwiftPackageProductDependency section */
	};
	rootObject = 3FD7F1222C8A35F30057062E /* Project object */;
}
